
Microsoft Visual Studio Solution File, Format Version 12.00
# Visual Studio 15
VisualStudioVersion = 15.0.26430.14
MinimumVisualStudioVersion = 10.0.40219.1
Project("{FAE04EC0-301F-11D3-BF4B-00C04F79EFBC}") = "EIDService", "EIDService\EIDService.csproj", "{581F7315-33EC-4873-B3CB-85D5B73BC490}"
EndProject
Project("{FAE04EC0-301F-11D3-BF4B-00C04F79EFBC}") = "EIDService.Common", "EIDService.Common\EIDService.Common.csproj", "{C894B10B-B368-4658-87B4-0DB935954A98}"
EndProject
Project("{FAE04EC0-301F-11D3-BF4B-00C04F79EFBC}") = "EIDClient", "EIDClient\EIDClient.csproj", "{BDE2A917-FA18-44E7-B561-3D03712F8ACB}"
EndProject
Project("{FAE04EC0-301F-11D3-BF4B-00C04F79EFBC}") = "EIDClient.Core", "EIDClient.Core\EIDClient.Core.csproj", "{F28E0A17-38B6-4031-B9AB-6B73040D39E3}"
EndProject
Project("{FAE04EC0-301F-11D3-BF4B-00C04F79EFBC}") = "EID.Library", "EID.Library\EID.Library.csproj", "{9F1F8AB3-8C7E-4470-A8B1-14099F1908D6}"
EndProject
Project("{FAE04EC0-301F-11D3-BF4B-00C04F79EFBC}") = "EIDMobile", "EIDMobile\EIDMobile.csproj", "{21A6F603-420F-464B-9E22-6B9D1FB4046D}"
EndProject
Global
	GlobalSection(SolutionConfigurationPlatforms) = preSolution
		Debug|Any CPU = Debug|Any CPU
		Debug|ARM = Debug|ARM
		Debug|x64 = Debug|x64
		Debug|x86 = Debug|x86
		Release|Any CPU = Release|Any CPU
		Release|ARM = Release|ARM
		Release|x64 = Release|x64
		Release|x86 = Release|x86
	EndGlobalSection
	GlobalSection(ProjectConfigurationPlatforms) = postSolution
		{581F7315-33EC-4873-B3CB-85D5B73BC490}.Debug|Any CPU.ActiveCfg = Debug|Any CPU
		{581F7315-33EC-4873-B3CB-85D5B73BC490}.Debug|Any CPU.Build.0 = Debug|Any CPU
		{581F7315-33EC-4873-B3CB-85D5B73BC490}.Debug|ARM.ActiveCfg = Debug|Any CPU
		{581F7315-33EC-4873-B3CB-85D5B73BC490}.Debug|ARM.Build.0 = Debug|Any CPU
		{581F7315-33EC-4873-B3CB-85D5B73BC490}.Debug|x64.ActiveCfg = Debug|Any CPU
		{581F7315-33EC-4873-B3CB-85D5B73BC490}.Debug|x64.Build.0 = Debug|Any CPU
		{581F7315-33EC-4873-B3CB-85D5B73BC490}.Debug|x86.ActiveCfg = Debug|Any CPU
		{581F7315-33EC-4873-B3CB-85D5B73BC490}.Debug|x86.Build.0 = Debug|Any CPU
		{581F7315-33EC-4873-B3CB-85D5B73BC490}.Release|Any CPU.ActiveCfg = Release|Any CPU
		{581F7315-33EC-4873-B3CB-85D5B73BC490}.Release|Any CPU.Build.0 = Release|Any CPU
		{581F7315-33EC-4873-B3CB-85D5B73BC490}.Release|ARM.ActiveCfg = Release|Any CPU
		{581F7315-33EC-4873-B3CB-85D5B73BC490}.Release|ARM.Build.0 = Release|Any CPU
		{581F7315-33EC-4873-B3CB-85D5B73BC490}.Release|x64.ActiveCfg = Release|Any CPU
		{581F7315-33EC-4873-B3CB-85D5B73BC490}.Release|x64.Build.0 = Release|Any CPU
		{581F7315-33EC-4873-B3CB-85D5B73BC490}.Release|x86.ActiveCfg = Release|Any CPU
		{581F7315-33EC-4873-B3CB-85D5B73BC490}.Release|x86.Build.0 = Release|Any CPU
		{C894B10B-B368-4658-87B4-0DB935954A98}.Debug|Any CPU.ActiveCfg = Debug|Any CPU
		{C894B10B-B368-4658-87B4-0DB935954A98}.Debug|Any CPU.Build.0 = Debug|Any CPU
		{C894B10B-B368-4658-87B4-0DB935954A98}.Debug|ARM.ActiveCfg = Debug|Any CPU
		{C894B10B-B368-4658-87B4-0DB935954A98}.Debug|ARM.Build.0 = Debug|Any CPU
		{C894B10B-B368-4658-87B4-0DB935954A98}.Debug|x64.ActiveCfg = Debug|Any CPU
		{C894B10B-B368-4658-87B4-0DB935954A98}.Debug|x64.Build.0 = Debug|Any CPU
		{C894B10B-B368-4658-87B4-0DB935954A98}.Debug|x86.ActiveCfg = Debug|Any CPU
		{C894B10B-B368-4658-87B4-0DB935954A98}.Debug|x86.Build.0 = Debug|Any CPU
		{C894B10B-B368-4658-87B4-0DB935954A98}.Release|Any CPU.ActiveCfg = Release|Any CPU
		{C894B10B-B368-4658-87B4-0DB935954A98}.Release|Any CPU.Build.0 = Release|Any CPU
		{C894B10B-B368-4658-87B4-0DB935954A98}.Release|ARM.ActiveCfg = Release|Any CPU
		{C894B10B-B368-4658-87B4-0DB935954A98}.Release|ARM.Build.0 = Release|Any CPU
		{C894B10B-B368-4658-87B4-0DB935954A98}.Release|x64.ActiveCfg = Release|Any CPU
		{C894B10B-B368-4658-87B4-0DB935954A98}.Release|x64.Build.0 = Release|Any CPU
		{C894B10B-B368-4658-87B4-0DB935954A98}.Release|x86.ActiveCfg = Release|Any CPU
		{C894B10B-B368-4658-87B4-0DB935954A98}.Release|x86.Build.0 = Release|Any CPU
		{BDE2A917-FA18-44E7-B561-3D03712F8ACB}.Debug|Any CPU.ActiveCfg = Debug|x86
		{BDE2A917-FA18-44E7-B561-3D03712F8ACB}.Debug|ARM.ActiveCfg = Debug|ARM
		{BDE2A917-FA18-44E7-B561-3D03712F8ACB}.Debug|ARM.Build.0 = Debug|ARM
		{BDE2A917-FA18-44E7-B561-3D03712F8ACB}.Debug|ARM.Deploy.0 = Debug|ARM
		{BDE2A917-FA18-44E7-B561-3D03712F8ACB}.Debug|x64.ActiveCfg = Debug|x64
		{BDE2A917-FA18-44E7-B561-3D03712F8ACB}.Debug|x64.Build.0 = Debug|x64
		{BDE2A917-FA18-44E7-B561-3D03712F8ACB}.Debug|x64.Deploy.0 = Debug|x64
		{BDE2A917-FA18-44E7-B561-3D03712F8ACB}.Debug|x86.ActiveCfg = Debug|x86
		{BDE2A917-FA18-44E7-B561-3D03712F8ACB}.Debug|x86.Build.0 = Debug|x86
		{BDE2A917-FA18-44E7-B561-3D03712F8ACB}.Debug|x86.Deploy.0 = Debug|x86
		{BDE2A917-FA18-44E7-B561-3D03712F8ACB}.Release|Any CPU.ActiveCfg = Release|x86
		{BDE2A917-FA18-44E7-B561-3D03712F8ACB}.Release|ARM.ActiveCfg = Release|ARM
		{BDE2A917-FA18-44E7-B561-3D03712F8ACB}.Release|ARM.Build.0 = Release|ARM
		{BDE2A917-FA18-44E7-B561-3D03712F8ACB}.Release|ARM.Deploy.0 = Release|ARM
		{BDE2A917-FA18-44E7-B561-3D03712F8ACB}.Release|x64.ActiveCfg = Release|x64
		{BDE2A917-FA18-44E7-B561-3D03712F8ACB}.Release|x64.Build.0 = Release|x64
		{BDE2A917-FA18-44E7-B561-3D03712F8ACB}.Release|x64.Deploy.0 = Release|x64
		{BDE2A917-FA18-44E7-B561-3D03712F8ACB}.Release|x86.ActiveCfg = Release|x86
		{BDE2A917-FA18-44E7-B561-3D03712F8ACB}.Release|x86.Build.0 = Release|x86
		{BDE2A917-FA18-44E7-B561-3D03712F8ACB}.Release|x86.Deploy.0 = Release|x86
		{F28E0A17-38B6-4031-B9AB-6B73040D39E3}.Debug|Any CPU.ActiveCfg = Debug|Any CPU
		{F28E0A17-38B6-4031-B9AB-6B73040D39E3}.Debug|Any CPU.Build.0 = Debug|Any CPU
		{F28E0A17-38B6-4031-B9AB-6B73040D39E3}.Debug|ARM.ActiveCfg = Debug|ARM
		{F28E0A17-38B6-4031-B9AB-6B73040D39E3}.Debug|ARM.Build.0 = Debug|ARM
		{F28E0A17-38B6-4031-B9AB-6B73040D39E3}.Debug|x64.ActiveCfg = Debug|x64
		{F28E0A17-38B6-4031-B9AB-6B73040D39E3}.Debug|x64.Build.0 = Debug|x64
		{F28E0A17-38B6-4031-B9AB-6B73040D39E3}.Debug|x86.ActiveCfg = Debug|x86
		{F28E0A17-38B6-4031-B9AB-6B73040D39E3}.Debug|x86.Build.0 = Debug|x86
		{F28E0A17-38B6-4031-B9AB-6B73040D39E3}.Release|Any CPU.ActiveCfg = Release|Any CPU
		{F28E0A17-38B6-4031-B9AB-6B73040D39E3}.Release|Any CPU.Build.0 = Release|Any CPU
		{F28E0A17-38B6-4031-B9AB-6B73040D39E3}.Release|ARM.ActiveCfg = Release|ARM
		{F28E0A17-38B6-4031-B9AB-6B73040D39E3}.Release|ARM.Build.0 = Release|ARM
		{F28E0A17-38B6-4031-B9AB-6B73040D39E3}.Release|x64.ActiveCfg = Release|x64
		{F28E0A17-38B6-4031-B9AB-6B73040D39E3}.Release|x64.Build.0 = Release|x64
		{F28E0A17-38B6-4031-B9AB-6B73040D39E3}.Release|x86.ActiveCfg = Release|x86
		{F28E0A17-38B6-4031-B9AB-6B73040D39E3}.Release|x86.Build.0 = Release|x86
		{9F1F8AB3-8C7E-4470-A8B1-14099F1908D6}.Debug|Any CPU.ActiveCfg = Debug|Any CPU
		{9F1F8AB3-8C7E-4470-A8B1-14099F1908D6}.Debug|Any CPU.Build.0 = Debug|Any CPU
		{9F1F8AB3-8C7E-4470-A8B1-14099F1908D6}.Debug|ARM.ActiveCfg = Debug|Any CPU
		{9F1F8AB3-8C7E-4470-A8B1-14099F1908D6}.Debug|ARM.Build.0 = Debug|Any CPU
		{9F1F8AB3-8C7E-4470-A8B1-14099F1908D6}.Debug|x64.ActiveCfg = Debug|Any CPU
		{9F1F8AB3-8C7E-4470-A8B1-14099F1908D6}.Debug|x64.Build.0 = Debug|Any CPU
		{9F1F8AB3-8C7E-4470-A8B1-14099F1908D6}.Debug|x86.ActiveCfg = Debug|Any CPU
		{9F1F8AB3-8C7E-4470-A8B1-14099F1908D6}.Debug|x86.Build.0 = Debug|Any CPU
		{9F1F8AB3-8C7E-4470-A8B1-14099F1908D6}.Release|Any CPU.ActiveCfg = Release|Any CPU
		{9F1F8AB3-8C7E-4470-A8B1-14099F1908D6}.Release|Any CPU.Build.0 = Release|Any CPU
		{9F1F8AB3-8C7E-4470-A8B1-14099F1908D6}.Release|ARM.ActiveCfg = Release|Any CPU
		{9F1F8AB3-8C7E-4470-A8B1-14099F1908D6}.Release|ARM.Build.0 = Release|Any CPU
		{9F1F8AB3-8C7E-4470-A8B1-14099F1908D6}.Release|x64.ActiveCfg = Release|Any CPU
		{9F1F8AB3-8C7E-4470-A8B1-14099F1908D6}.Release|x64.Build.0 = Release|Any CPU
		{9F1F8AB3-8C7E-4470-A8B1-14099F1908D6}.Release|x86.ActiveCfg = Release|Any CPU
		{9F1F8AB3-8C7E-4470-A8B1-14099F1908D6}.Release|x86.Build.0 = Release|Any CPU
		{21A6F603-420F-464B-9E22-6B9D1FB4046D}.Debug|Any CPU.ActiveCfg = Debug|x86
		{21A6F603-420F-464B-9E22-6B9D1FB4046D}.Debug|ARM.ActiveCfg = Debug|ARM
		{21A6F603-420F-464B-9E22-6B9D1FB4046D}.Debug|ARM.Build.0 = Debug|ARM
		{21A6F603-420F-464B-9E22-6B9D1FB4046D}.Debug|ARM.Deploy.0 = Debug|ARM
		{21A6F603-420F-464B-9E22-6B9D1FB4046D}.Debug|x64.ActiveCfg = Debug|x64
		{21A6F603-420F-464B-9E22-6B9D1FB4046D}.Debug|x64.Build.0 = Debug|x64
		{21A6F603-420F-464B-9E22-6B9D1FB4046D}.Debug|x64.Deploy.0 = Debug|x64
		{21A6F603-420F-464B-9E22-6B9D1FB4046D}.Debug|x86.ActiveCfg = Debug|x86
		{21A6F603-420F-464B-9E22-6B9D1FB4046D}.Debug|x86.Build.0 = Debug|x86
		{21A6F603-420F-464B-9E22-6B9D1FB4046D}.Debug|x86.Deploy.0 = Debug|x86
		{21A6F603-420F-464B-9E22-6B9D1FB4046D}.Release|Any CPU.ActiveCfg = Release|x86
		{21A6F603-420F-464B-9E22-6B9D1FB4046D}.Release|ARM.ActiveCfg = Release|ARM
		{21A6F603-420F-464B-9E22-6B9D1FB4046D}.Release|ARM.Build.0 = Release|ARM
		{21A6F603-420F-464B-9E22-6B9D1FB4046D}.Release|ARM.Deploy.0 = Release|ARM
		{21A6F603-420F-464B-9E22-6B9D1FB4046D}.Release|x64.ActiveCfg = Release|x64
		{21A6F603-420F-464B-9E22-6B9D1FB4046D}.Release|x64.Build.0 = Release|x64
		{21A6F603-420F-464B-9E22-6B9D1FB4046D}.Release|x64.Deploy.0 = Release|x64
		{21A6F603-420F-464B-9E22-6B9D1FB4046D}.Release|x86.ActiveCfg = Release|x86
		{21A6F603-420F-464B-9E22-6B9D1FB4046D}.Release|x86.Build.0 = Release|x86
		{21A6F603-420F-464B-9E22-6B9D1FB4046D}.Release|x86.Deploy.0 = Release|x86
	EndGlobalSection
	GlobalSection(SolutionProperties) = preSolution
		HideSolutionNode = FALSE
	EndGlobalSection
EndGlobal
